
Microsoft Visual Studio Solution File, Format Version 12.00
# Visual Studio Version 17
VisualStudioVersion = 17.4.33205.214
MinimumVisualStudioVersion = 10.0.40219.1
Project("{FAE04EC0-301F-11D3-BF4B-00C04F79EFBC}") = "SqtCA", "SqtCA\SqtCA.csproj", "{140CD19D-DF34-4D64-ABEF-9EFD6AB3BC95}"
EndProject
Project("{FAE04EC0-301F-11D3-BF4B-00C04F79EFBC}") = "InsuranceService", "InsuranceService\InsuranceService.csproj", "{CA95FAA1-E4AC-4A97-B6E1-2F19D7B587CC}"
EndProject
Global
	GlobalSection(SolutionConfigurationPlatforms) = preSolution
		Debug|Any CPU = Debug|Any CPU
		Release|Any CPU = Release|Any CPU
	EndGlobalSection
	GlobalSection(ProjectConfigurationPlatforms) = postSolution
		{140CD19D-DF34-4D64-ABEF-9EFD6AB3BC95}.Debug|Any CPU.ActiveCfg = Debug|Any CPU
		{140CD19D-DF34-4D64-ABEF-9EFD6AB3BC95}.Debug|Any CPU.Build.0 = Debug|Any CPU
		{140CD19D-DF34-4D64-ABEF-9EFD6AB3BC95}.Release|Any CPU.ActiveCfg = Release|Any CPU
		{140CD19D-DF34-4D64-ABEF-9EFD6AB3BC95}.Release|Any CPU.Build.0 = Release|Any CPU
		{CA95FAA1-E4AC-4A97-B6E1-2F19D7B587CC}.Debug|Any CPU.ActiveCfg = Debug|Any CPU
		{CA95FAA1-E4AC-4A97-B6E1-2F19D7B587CC}.Debug|Any CPU.Build.0 = Debug|Any CPU
		{CA95FAA1-E4AC-4A97-B6E1-2F19D7B587CC}.Release|Any CPU.ActiveCfg = Release|Any CPU
		{CA95FAA1-E4AC-4A97-B6E1-2F19D7B587CC}.Release|Any CPU.Build.0 = Release|Any CPU
	EndGlobalSection
	GlobalSection(SolutionProperties) = preSolution
		HideSolutionNode = FALSE
	EndGlobalSection
	GlobalSection(ExtensibilityGlobals) = postSolution
		SolutionGuid = {7BD765F9-74E8-4822-A428-5AAF3B399AF4}
	EndGlobalSection
EndGlobal
